// !$*UTF8*$!
{
	archiveVersion = 1;
	classes = {
	};
	objectVersion = 50;
	objects = {

/* Begin PBXBuildFile section */
		680B7DA32083C8960099A9BA /* AppDelegate.swift in Sources */ = {isa = PBXBuildFile; fileRef = 680B7DA22083C8960099A9BA /* AppDelegate.swift */; };
		680B7DA52083C8960099A9BA /* ViewController.swift in Sources */ = {isa = PBXBuildFile; fileRef = 680B7DA42083C8960099A9BA /* ViewController.swift */; };
		680B7DA82083C8960099A9BA /* Main.storyboard in Resources */ = {isa = PBXBuildFile; fileRef = 680B7DA62083C8960099A9BA /* Main.storyboard */; };
		680B7DAA2083C8970099A9BA /* Assets.xcassets in Resources */ = {isa = PBXBuildFile; fileRef = 680B7DA92083C8970099A9BA /* Assets.xcassets */; };
		680B7DAD2083C8970099A9BA /* LaunchScreen.storyboard in Resources */ = {isa = PBXBuildFile; fileRef = 680B7DAB2083C8970099A9BA /* LaunchScreen.storyboard */; };
		680B7DBD2083D7610099A9BA /* User.swift in Sources */ = {isa = PBXBuildFile; fileRef = 680B7DBC2083D7610099A9BA /* User.swift */; };
		680B7DBF2083D79C0099A9BA /* Repository.swift in Sources */ = {isa = PBXBuildFile; fileRef = 680B7DBE2083D79C0099A9BA /* Repository.swift */; };
		680B7DC12083DA5E0099A9BA /* SearchResponse.swift in Sources */ = {isa = PBXBuildFile; fileRef = 680B7DC02083DA5E0099A9BA /* SearchResponse.swift */; };
		680B7DC62083DB1B0099A9BA /* GitHubClientError.swift in Sources */ = {isa = PBXBuildFile; fileRef = 680B7DC52083DB1B0099A9BA /* GitHubClientError.swift */; };
		680B7DC82083DBAD0099A9BA /* GitHubAPIError.swift in Sources */ = {isa = PBXBuildFile; fileRef = 680B7DC72083DBAD0099A9BA /* GitHubAPIError.swift */; };
		680B7DCB2083DC770099A9BA /* GitHubReqest.swift in Sources */ = {isa = PBXBuildFile; fileRef = 680B7DCA2083DC770099A9BA /* GitHubReqest.swift */; };
		680B7DCD2083DD460099A9BA /* HTTPMethod.swift in Sources */ = {isa = PBXBuildFile; fileRef = 680B7DCC2083DD460099A9BA /* HTTPMethod.swift */; };
		680B7DCF2083DE290099A9BA /* GitHubAPI.swift in Sources */ = {isa = PBXBuildFile; fileRef = 680B7DCE2083DE290099A9BA /* GitHubAPI.swift */; };
		680B7DD12083E1CB0099A9BA /* GitHubClient.swift in Sources */ = {isa = PBXBuildFile; fileRef = 680B7DD02083E1CB0099A9BA /* GitHubClient.swift */; };
		680B7DD32083E2830099A9BA /* Result.swift in Sources */ = {isa = PBXBuildFile; fileRef = 680B7DD22083E2830099A9BA /* Result.swift */; };
		68CAA6F32084A428009BB3DD /* UIAlertController.swift in Sources */ = {isa = PBXBuildFile; fileRef = 68CAA6F22084A428009BB3DD /* UIAlertController.swift */; };
		68CAA6F62084CC2E009BB3DD /* SVProgressHUD.framework in Frameworks */ = {isa = PBXBuildFile; fileRef = 68CAA6F52084CC2E009BB3DD /* SVProgressHUD.framework */; };
/* End PBXBuildFile section */

/* Begin PBXFileReference section */
		680B7D9F2083C8960099A9BA /* GitHubList.app */ = {isa = PBXFileReference; explicitFileType = wrapper.application; includeInIndex = 0; path = GitHubList.app; sourceTree = BUILT_PRODUCTS_DIR; };
		680B7DA22083C8960099A9BA /* AppDelegate.swift */ = {isa = PBXFileReference; lastKnownFileType = sourcecode.swift; path = AppDelegate.swift; sourceTree = "<group>"; };
		680B7DA42083C8960099A9BA /* ViewController.swift */ = {isa = PBXFileReference; lastKnownFileType = sourcecode.swift; path = ViewController.swift; sourceTree = "<group>"; };
		680B7DA72083C8960099A9BA /* Base */ = {isa = PBXFileReference; lastKnownFileType = file.storyboard; name = Base; path = Base.lproj/Main.storyboard; sourceTree = "<group>"; };
		680B7DA92083C8970099A9BA /* Assets.xcassets */ = {isa = PBXFileReference; lastKnownFileType = folder.assetcatalog; path = Assets.xcassets; sourceTree = "<group>"; };
		680B7DAC2083C8970099A9BA /* Base */ = {isa = PBXFileReference; lastKnownFileType = file.storyboard; name = Base; path = Base.lproj/LaunchScreen.storyboard; sourceTree = "<group>"; };
		680B7DAE2083C8970099A9BA /* Info.plist */ = {isa = PBXFileReference; lastKnownFileType = text.plist.xml; path = Info.plist; sourceTree = "<group>"; };
		680B7DBC2083D7610099A9BA /* User.swift */ = {isa = PBXFileReference; lastKnownFileType = sourcecode.swift; path = User.swift; sourceTree = "<group>"; };
		680B7DBE2083D79C0099A9BA /* Repository.swift */ = {isa = PBXFileReference; lastKnownFileType = sourcecode.swift; path = Repository.swift; sourceTree = "<group>"; };
		680B7DC02083DA5E0099A9BA /* SearchResponse.swift */ = {isa = PBXFileReference; lastKnownFileType = sourcecode.swift; path = SearchResponse.swift; sourceTree = "<group>"; };
		680B7DC52083DB1B0099A9BA /* GitHubClientError.swift */ = {isa = PBXFileReference; lastKnownFileType = sourcecode.swift; path = GitHubClientError.swift; sourceTree = "<group>"; };
		680B7DC72083DBAD0099A9BA /* GitHubAPIError.swift */ = {isa = PBXFileReference; lastKnownFileType = sourcecode.swift; path = GitHubAPIError.swift; sourceTree = "<group>"; };
		680B7DCA2083DC770099A9BA /* GitHubReqest.swift */ = {isa = PBXFileReference; lastKnownFileType = sourcecode.swift; path = GitHubReqest.swift; sourceTree = "<group>"; };
		680B7DCC2083DD460099A9BA /* HTTPMethod.swift */ = {isa = PBXFileReference; lastKnownFileType = sourcecode.swift; path = HTTPMethod.swift; sourceTree = "<group>"; };
		680B7DCE2083DE290099A9BA /* GitHubAPI.swift */ = {isa = PBXFileReference; lastKnownFileType = sourcecode.swift; path = GitHubAPI.swift; sourceTree = "<group>"; };
		680B7DD02083E1CB0099A9BA /* GitHubClient.swift */ = {isa = PBXFileReference; lastKnownFileType = sourcecode.swift; path = GitHubClient.swift; sourceTree = "<group>"; };
		680B7DD22083E2830099A9BA /* Result.swift */ = {isa = PBXFileReference; lastKnownFileType = sourcecode.swift; path = Result.swift; sourceTree = "<group>"; };
		68CAA6F22084A428009BB3DD /* UIAlertController.swift */ = {isa = PBXFileReference; lastKnownFileType = sourcecode.swift; path = UIAlertController.swift; sourceTree = "<group>"; };
		68CAA6F52084CC2E009BB3DD /* SVProgressHUD.framework */ = {isa = PBXFileReference; lastKnownFileType = wrapper.framework; name = SVProgressHUD.framework; path = Carthage/Build/iOS/SVProgressHUD.framework; sourceTree = "<group>"; };
/* End PBXFileReference section */

/* Begin PBXFrameworksBuildPhase section */
		680B7D9C2083C8960099A9BA /* Frameworks */ = {
			isa = PBXFrameworksBuildPhase;
			buildActionMask = 2147483647;
			files = (
				68CAA6F62084CC2E009BB3DD /* SVProgressHUD.framework in Frameworks */,
			);
			runOnlyForDeploymentPostprocessing = 0;
		};
/* End PBXFrameworksBuildPhase section */

/* Begin PBXGroup section */
		680B7D962083C8960099A9BA = {
			isa = PBXGroup;
			children = (
				680B7DA12083C8960099A9BA /* GitHubList */,
				680B7DA02083C8960099A9BA /* Products */,
				68CAA6F42084CC2E009BB3DD /* Frameworks */,
			);
			sourceTree = "<group>";
		};
		680B7DA02083C8960099A9BA /* Products */ = {
			isa = PBXGroup;
			children = (
				680B7D9F2083C8960099A9BA /* GitHubList.app */,
			);
			name = Products;
			sourceTree = "<group>";
		};
		680B7DA12083C8960099A9BA /* GitHubList */ = {
			isa = PBXGroup;
			children = (
				680B7DB52083C9400099A9BA /* Resources */,
				680B7DB42083C92F0099A9BA /* Classes */,
				680B7DAE2083C8970099A9BA /* Info.plist */,
			);
			path = GitHubList;
			sourceTree = "<group>";
		};
		680B7DB42083C92F0099A9BA /* Classes */ = {
			isa = PBXGroup;
			children = (
				680B7DA22083C8960099A9BA /* AppDelegate.swift */,
				680B7DB92083D5010099A9BA /* Models */,
				680B7DB82083D4FB0099A9BA /* Views */,
				680B7DB72083D4F60099A9BA /* Controllers */,
				680B7DB62083D4EE0099A9BA /* Extentsion */,
			);
			path = Classes;
			sourceTree = "<group>";
		};
		680B7DB52083C9400099A9BA /* Resources */ = {
			isa = PBXGroup;
			children = (
				680B7DA92083C8970099A9BA /* Assets.xcassets */,
				680B7DAB2083C8970099A9BA /* LaunchScreen.storyboard */,
			);
			path = Resources;
			sourceTree = "<group>";
		};
		680B7DB62083D4EE0099A9BA /* Extentsion */ = {
			isa = PBXGroup;
			children = (
				68CAA6F22084A428009BB3DD /* UIAlertController.swift */,
			);
			path = Extentsion;
			sourceTree = "<group>";
		};
		680B7DB72083D4F60099A9BA /* Controllers */ = {
			isa = PBXGroup;
			children = (
				680B7DA42083C8960099A9BA /* ViewController.swift */,
			);
			path = Controllers;
			sourceTree = "<group>";
		};
		680B7DB82083D4FB0099A9BA /* Views */ = {
			isa = PBXGroup;
			children = (
				680B7DA62083C8960099A9BA /* Main.storyboard */,
			);
			path = Views;
			sourceTree = "<group>";
		};
		680B7DB92083D5010099A9BA /* Models */ = {
			isa = PBXGroup;
			children = (
				680B7DBA2083D7440099A9BA /* API */,
			);
			path = Models;
			sourceTree = "<group>";
		};
		680B7DBA2083D7440099A9BA /* API */ = {
			isa = PBXGroup;
			children = (
				680B7DBB2083D7550099A9BA /* Response */,
				680B7DC42083DAEB0099A9BA /* Error */,
				680B7DC92083DC580099A9BA /* Request */,
			);
			path = API;
			sourceTree = "<group>";
		};
		680B7DBB2083D7550099A9BA /* Response */ = {
			isa = PBXGroup;
			children = (
				680B7DBC2083D7610099A9BA /* User.swift */,
				680B7DBE2083D79C0099A9BA /* Repository.swift */,
				680B7DC02083DA5E0099A9BA /* SearchResponse.swift */,
			);
			path = Response;
			sourceTree = "<group>";
		};
		680B7DC42083DAEB0099A9BA /* Error */ = {
			isa = PBXGroup;
			children = (
				680B7DC52083DB1B0099A9BA /* GitHubClientError.swift */,
				680B7DC72083DBAD0099A9BA /* GitHubAPIError.swift */,
			);
			path = Error;
			sourceTree = "<group>";
		};
		680B7DC92083DC580099A9BA /* Request */ = {
			isa = PBXGroup;
			children = (
				680B7DCA2083DC770099A9BA /* GitHubReqest.swift */,
				680B7DCE2083DE290099A9BA /* GitHubAPI.swift */,
				680B7DCC2083DD460099A9BA /* HTTPMethod.swift */,
				680B7DD02083E1CB0099A9BA /* GitHubClient.swift */,
				680B7DD22083E2830099A9BA /* Result.swift */,
			);
			path = Request;
			sourceTree = "<group>";
		};
		68CAA6F42084CC2E009BB3DD /* Frameworks */ = {
			isa = PBXGroup;
			children = (
				68CAA6F52084CC2E009BB3DD /* SVProgressHUD.framework */,
			);
			name = Frameworks;
			sourceTree = "<group>";
		};
/* End PBXGroup section */

/* Begin PBXNativeTarget section */
		680B7D9E2083C8960099A9BA /* GitHubList */ = {
			isa = PBXNativeTarget;
			buildConfigurationList = 680B7DB12083C8970099A9BA /* Build configuration list for PBXNativeTarget "GitHubList" */;
			buildPhases = (
				680B7D9B2083C8960099A9BA /* Sources */,
				680B7D9C2083C8960099A9BA /* Frameworks */,
				680B7D9D2083C8960099A9BA /* Resources */,
				68CAA6F72084CC37009BB3DD /* ShellScript */,
			);
			buildRules = (
			);
			dependencies = (
			);
			name = GitHubList;
			productName = GitHubList;
			productReference = 680B7D9F2083C8960099A9BA /* GitHubList.app */;
			productType = "com.apple.product-type.application";
		};
/* End PBXNativeTarget section */

/* Begin PBXProject section */
		680B7D972083C8960099A9BA /* Project object */ = {
			isa = PBXProject;
			attributes = {
				LastSwiftUpdateCheck = 0930;
				LastUpgradeCheck = 0930;
				ORGANIZATIONNAME = "Masataka Miyoshi";
				TargetAttributes = {
					680B7D9E2083C8960099A9BA = {
						CreatedOnToolsVersion = 9.3;
					};
				};
			};
			buildConfigurationList = 680B7D9A2083C8960099A9BA /* Build configuration list for PBXProject "GitHubList" */;
			compatibilityVersion = "Xcode 9.3";
			developmentRegion = en;
			hasScannedForEncodings = 0;
			knownRegions = (
				en,
				Base,
			);
			mainGroup = 680B7D962083C8960099A9BA;
			productRefGroup = 680B7DA02083C8960099A9BA /* Products */;
			projectDirPath = "";
			projectRoot = "";
			targets = (
				680B7D9E2083C8960099A9BA /* GitHubList */,
			);
		};
/* End PBXProject section */

/* Begin PBXResourcesBuildPhase section */
		680B7D9D2083C8960099A9BA /* Resources */ = {
			isa = PBXResourcesBuildPhase;
			buildActionMask = 2147483647;
			files = (
				680B7DAD2083C8970099A9BA /* LaunchScreen.storyboard in Resources */,
				680B7DAA2083C8970099A9BA /* Assets.xcassets in Resources */,
				680B7DA82083C8960099A9BA /* Main.storyboard in Resources */,
			);
			runOnlyForDeploymentPostprocessing = 0;
		};
/* End PBXResourcesBuildPhase section */

/* Begin PBXShellScriptBuildPhase section */
		68CAA6F72084CC37009BB3DD /* ShellScript */ = {
			isa = PBXShellScriptBuildPhase;
			buildActionMask = 2147483647;
			files = (
			);
			inputPaths = (
				"$(SRCROOT)/Carthage/Build/iOS/SVProgressHUD.framework",
			);
			outputPaths = (
			);
			runOnlyForDeploymentPostprocessing = 0;
			shellPath = /bin/sh;
			shellScript = "/usr/local/bin/carthage copy-frameworks";
		};
/* End PBXShellScriptBuildPhase section */

/* Begin PBXSourcesBuildPhase section */
		680B7D9B2083C8960099A9BA /* Sources */ = {
			isa = PBXSourcesBuildPhase;
			buildActionMask = 2147483647;
			files = (
				680B7DC62083DB1B0099A9BA /* GitHubClientError.swift in Sources */,
				680B7DC82083DBAD0099A9BA /* GitHubAPIError.swift in Sources */,
				680B7DA52083C8960099A9BA /* ViewController.swift in Sources */,
				680B7DCF2083DE290099A9BA /* GitHubAPI.swift in Sources */,
				680B7DC12083DA5E0099A9BA /* SearchResponse.swift in Sources */,
				680B7DCB2083DC770099A9BA /* GitHubReqest.swift in Sources */,
				680B7DD32083E2830099A9BA /* Result.swift in Sources */,
				680B7DCD2083DD460099A9BA /* HTTPMethod.swift in Sources */,
				680B7DD12083E1CB0099A9BA /* GitHubClient.swift in Sources */,
				680B7DA32083C8960099A9BA /* AppDelegate.swift in Sources */,
				680B7DBD2083D7610099A9BA /* User.swift in Sources */,
				680B7DBF2083D79C0099A9BA /* Repository.swift in Sources */,
				68CAA6F32084A428009BB3DD /* UIAlertController.swift in Sources */,
			);
			runOnlyForDeploymentPostprocessing = 0;
		};
/* End PBXSourcesBuildPhase section */

/* Begin PBXVariantGroup section */
		680B7DA62083C8960099A9BA /* Main.storyboard */ = {
			isa = PBXVariantGroup;
			children = (
				680B7DA72083C8960099A9BA /* Base */,
			);
			name = Main.storyboard;
			sourceTree = "<group>";
		};
		680B7DAB2083C8970099A9BA /* LaunchScreen.storyboard */ = {
			isa = PBXVariantGroup;
			children = (
				680B7DAC2083C8970099A9BA /* Base */,
			);
			name = LaunchScreen.storyboard;
			sourceTree = "<group>";
		};
/* End PBXVariantGroup section */

/* Begin XCBuildConfiguration section */
		680B7DAF2083C8970099A9BA /* Debug */ = {
			isa = XCBuildConfiguration;
			buildSettings = {
				ALWAYS_SEARCH_USER_PATHS = NO;
				CLANG_ANALYZER_NONNULL = YES;
				CLANG_ANALYZER_NUMBER_OBJECT_CONVERSION = YES_AGGRESSIVE;
				CLANG_CXX_LANGUAGE_STANDARD = "gnu++14";
				CLANG_CXX_LIBRARY = "libc++";
				CLANG_ENABLE_MODULES = YES;
				CLANG_ENABLE_OBJC_ARC = YES;
				CLANG_ENABLE_OBJC_WEAK = YES;
				CLANG_WARN_BLOCK_CAPTURE_AUTORELEASING = YES;
				CLANG_WARN_BOOL_CONVERSION = YES;
				CLANG_WARN_COMMA = YES;
				CLANG_WARN_CONSTANT_CONVERSION = YES;
				CLANG_WARN_DEPRECATED_OBJC_IMPLEMENTATIONS = YES;
				CLANG_WARN_DIRECT_OBJC_ISA_USAGE = YES_ERROR;
				CLANG_WARN_DOCUMENTATION_COMMENTS = YES;
				CLANG_WARN_EMPTY_BODY = YES;
				CLANG_WARN_ENUM_CONVERSION = YES;
				CLANG_WARN_INFINITE_RECURSION = YES;
				CLANG_WARN_INT_CONVERSION = YES;
				CLANG_WARN_NON_LITERAL_NULL_CONVERSION = YES;
				CLANG_WARN_OBJC_IMPLICIT_RETAIN_SELF = YES;
				CLANG_WARN_OBJC_LITERAL_CONVERSION = YES;
				CLANG_WARN_OBJC_ROOT_CLASS = YES_ERROR;
				CLANG_WARN_RANGE_LOOP_ANALYSIS = YES;
				CLANG_WARN_STRICT_PROTOTYPES = YES;
				CLANG_WARN_SUSPICIOUS_MOVE = YES;
				CLANG_WARN_UNGUARDED_AVAILABILITY = YES_AGGRESSIVE;
				CLANG_WARN_UNREACHABLE_CODE = YES;
				CLANG_WARN__DUPLICATE_METHOD_MATCH = YES;
				CODE_SIGN_IDENTITY = "iPhone Developer";
				COPY_PHASE_STRIP = NO;
				DEBUG_INFORMATION_FORMAT = dwarf;
				ENABLE_STRICT_OBJC_MSGSEND = YES;
				ENABLE_TESTABILITY = YES;
				GCC_C_LANGUAGE_STANDARD = gnu11;
				GCC_DYNAMIC_NO_PIC = NO;
				GCC_NO_COMMON_BLOCKS = YES;
				GCC_OPTIMIZATION_LEVEL = 0;
				GCC_PREPROCESSOR_DEFINITIONS = (
					"DEBUG=1",
					"$(inherited)",
				);
				GCC_WARN_64_TO_32_BIT_CONVERSION = YES;
				GCC_WARN_ABOUT_RETURN_TYPE = YES_ERROR;
				GCC_WARN_UNDECLARED_SELECTOR = YES;
				GCC_WARN_UNINITIALIZED_AUTOS = YES_AGGRESSIVE;
				GCC_WARN_UNUSED_FUNCTION = YES;
				GCC_WARN_UNUSED_VARIABLE = YES;
				IPHONEOS_DEPLOYMENT_TARGET = 11.0;
				MTL_ENABLE_DEBUG_INFO = YES;
				ONLY_ACTIVE_ARCH = YES;
				SDKROOT = iphoneos;
				SWIFT_ACTIVE_COMPILATION_CONDITIONS = DEBUG;
				SWIFT_OPTIMIZATION_LEVEL = "-Onone";
			};
			name = Debug;
		};
		680B7DB02083C8970099A9BA /* Release */ = {
			isa = XCBuildConfiguration;
			buildSettings = {
				ALWAYS_SEARCH_USER_PATHS = NO;
				CLANG_ANALYZER_NONNULL = YES;
				CLANG_ANALYZER_NUMBER_OBJECT_CONVERSION = YES_AGGRESSIVE;
				CLANG_CXX_LANGUAGE_STANDARD = "gnu++14";
				CLANG_CXX_LIBRARY = "libc++";
				CLANG_ENABLE_MODULES = YES;
				CLANG_ENABLE_OBJC_ARC = YES;
				CLANG_ENABLE_OBJC_WEAK = YES;
				CLANG_WARN_BLOCK_CAPTURE_AUTORELEASING = YES;
				CLANG_WARN_BOOL_CONVERSION = YES;
				CLANG_WARN_COMMA = YES;
				CLANG_WARN_CONSTANT_CONVERSION = YES;
				CLANG_WARN_DEPRECATED_OBJC_IMPLEMENTATIONS = YES;
				CLANG_WARN_DIRECT_OBJC_ISA_USAGE = YES_ERROR;
				CLANG_WARN_DOCUMENTATION_COMMENTS = YES;
				CLANG_WARN_EMPTY_BODY = YES;
				CLANG_WARN_ENUM_CONVERSION = YES;
				CLANG_WARN_INFINITE_RECURSION = YES;
				CLANG_WARN_INT_CONVERSION = YES;
				CLANG_WARN_NON_LITERAL_NULL_CONVERSION = YES;
				CLANG_WARN_OBJC_IMPLICIT_RETAIN_SELF = YES;
				CLANG_WARN_OBJC_LITERAL_CONVERSION = YES;
				CLANG_WARN_OBJC_ROOT_CLASS = YES_ERROR;
				CLANG_WARN_RANGE_LOOP_ANALYSIS = YES;
				CLANG_WARN_STRICT_PROTOTYPES = YES;
				CLANG_WARN_SUSPICIOUS_MOVE = YES;
				CLANG_WARN_UNGUARDED_AVAILABILITY = YES_AGGRESSIVE;
				CLANG_WARN_UNREACHABLE_CODE = YES;
				CLANG_WARN__DUPLICATE_METHOD_MATCH = YES;
				CODE_SIGN_IDENTITY = "iPhone Developer";
				COPY_PHASE_STRIP = NO;
				DEBUG_INFORMATION_FORMAT = "dwarf-with-dsym";
				ENABLE_NS_ASSERTIONS = NO;
				ENABLE_STRICT_OBJC_MSGSEND = YES;
				GCC_C_LANGUAGE_STANDARD = gnu11;
				GCC_NO_COMMON_BLOCKS = YES;
				GCC_WARN_64_TO_32_BIT_CONVERSION = YES;
				GCC_WARN_ABOUT_RETURN_TYPE = YES_ERROR;
				GCC_WARN_UNDECLARED_SELECTOR = YES;
				GCC_WARN_UNINITIALIZED_AUTOS = YES_AGGRESSIVE;
				GCC_WARN_UNUSED_FUNCTION = YES;
				GCC_WARN_UNUSED_VARIABLE = YES;
				IPHONEOS_DEPLOYMENT_TARGET = 11.0;
				MTL_ENABLE_DEBUG_INFO = NO;
				SDKROOT = iphoneos;
				SWIFT_COMPILATION_MODE = wholemodule;
				SWIFT_OPTIMIZATION_LEVEL = "-O";
				VALIDATE_PRODUCT = YES;
			};
			name = Release;
		};
		680B7DB22083C8970099A9BA /* Debug */ = {
			isa = XCBuildConfiguration;
			buildSettings = {
				ASSETCATALOG_COMPILER_APPICON_NAME = AppIcon;
				CODE_SIGN_STYLE = Automatic;
				DEVELOPMENT_TEAM = WDFA67X5D5;
				FRAMEWORK_SEARCH_PATHS = (
					"$(inherited)",
					"$(PROJECT_DIR)/Carthage/Build/iOS",
				);
				INFOPLIST_FILE = GitHubList/Info.plist;
				IPHONEOS_DEPLOYMENT_TARGET = 11.0;
				LD_RUNPATH_SEARCH_PATHS = (
					"$(inherited)",
					"@executable_path/Frameworks",
				);
				PRODUCT_BUNDLE_IDENTIFIER = jp.mstk.GitHubList;
				PRODUCT_NAME = "$(TARGET_NAME)";
				SWIFT_VERSION = 4.0;
				TARGETED_DEVICE_FAMILY = 1;
			};
			name = Debug;
		};
		680B7DB32083C8970099A9BA /* Release */ = {
			isa = XCBuildConfiguration;
			buildSettings = {
				ASSETCATALOG_COMPILER_APPICON_NAME = AppIcon;
				CODE_SIGN_STYLE = Automatic;
				DEVELOPMENT_TEAM = WDFA67X5D5;
				FRAMEWORK_SEARCH_PATHS = (
					"$(inherited)",
					"$(PROJECT_DIR)/Carthage/Build/iOS",
				);
				INFOPLIST_FILE = GitHubList/Info.plist;
				IPHONEOS_DEPLOYMENT_TARGET = 11.0;
				LD_RUNPATH_SEARCH_PATHS = (
					"$(inherited)",
					"@executable_path/Frameworks",
				);
				PRODUCT_BUNDLE_IDENTIFIER = jp.mstk.GitHubList;
				PRODUCT_NAME = "$(TARGET_NAME)";
				SWIFT_VERSION = 4.0;
				TARGETED_DEVICE_FAMILY = 1;
			};
			name = Release;
		};
/* End XCBuildConfiguration section */

/* Begin XCConfigurationList section */
		680B7D9A2083C8960099A9BA /* Build configuration list for PBXProject "GitHubList" */ = {
			isa = XCConfigurationList;
			buildConfigurations = (
				680B7DAF2083C8970099A9BA /* Debug */,
				680B7DB02083C8970099A9BA /* Release */,
			);
			defaultConfigurationIsVisible = 0;
			defaultConfigurationName = Release;
		};
		680B7DB12083C8970099A9BA /* Build configuration list for PBXNativeTarget "GitHubList" */ = {
			isa = XCConfigurationList;
			buildConfigurations = (
				680B7DB22083C8970099A9BA /* Debug */,
				680B7DB32083C8970099A9BA /* Release */,
			);
			defaultConfigurationIsVisible = 0;
			defaultConfigurationName = Release;
		};
/* End XCConfigurationList section */
	};
	rootObject = 680B7D972083C8960099A9BA /* Project object */;
}
